
Microsoft Visual Studio Solution File, Format Version 12.00
# Visual Studio 2012
Project("{2150E333-8FDC-42A3-9474-1A3956D46DE8}") = "Libs", "Libs", "{BF0A0FDB-4E1E-4EB6-8278-2660CB144183}"
	ProjectSection(SolutionItems) = preProject
		Libs\MongoDB.Bson.dll = Libs\MongoDB.Bson.dll
		Libs\MongoDB.Driver.dll = Libs\MongoDB.Driver.dll
		Libs\Newtonsoft.Json.dll = Libs\Newtonsoft.Json.dll
	EndProjectSection
EndProject
Project("{FAE04EC0-301F-11D3-BF4B-00C04F79EFBC}") = "Hw1_2", "Hw1_2\Hw1_2.csproj", "{E5930C5D-63EC-47EA-984B-E7C55B20540F}"
EndProject
Project("{FAE04EC0-301F-11D3-BF4B-00C04F79EFBC}") = "Hw1_3", "Hw1_3\Hw1_3.csproj", "{B0A96439-3232-4CA1-BC17-ED913D8F591B}"
EndProject
Global
	GlobalSection(SolutionConfigurationPlatforms) = preSolution
		Debug|Any CPU = Debug|Any CPU
		Release|Any CPU = Release|Any CPU
	EndGlobalSection
	GlobalSection(ProjectConfigurationPlatforms) = postSolution
		{E5930C5D-63EC-47EA-984B-E7C55B20540F}.Debug|Any CPU.ActiveCfg = Debug|Any CPU
		{E5930C5D-63EC-47EA-984B-E7C55B20540F}.Debug|Any CPU.Build.0 = Debug|Any CPU
		{E5930C5D-63EC-47EA-984B-E7C55B20540F}.Release|Any CPU.ActiveCfg = Release|Any CPU
		{E5930C5D-63EC-47EA-984B-E7C55B20540F}.Release|Any CPU.Build.0 = Release|Any CPU
		{B0A96439-3232-4CA1-BC17-ED913D8F591B}.Debug|Any CPU.ActiveCfg = Debug|Any CPU
		{B0A96439-3232-4CA1-BC17-ED913D8F591B}.Debug|Any CPU.Build.0 = Debug|Any CPU
		{B0A96439-3232-4CA1-BC17-ED913D8F591B}.Release|Any CPU.ActiveCfg = Release|Any CPU
		{B0A96439-3232-4CA1-BC17-ED913D8F591B}.Release|Any CPU.Build.0 = Release|Any CPU
	EndGlobalSection
	GlobalSection(SolutionProperties) = preSolution
		HideSolutionNode = FALSE
	EndGlobalSection
EndGlobal
